
Microsoft Visual Studio Solution File, Format Version 12.00
# Visual Studio Version 17
VisualStudioVersion = 17.5.33103.201
MinimumVisualStudioVersion = 10.0.40219.1
Project("{9A19103F-16F7-4668-BE54-9A1E7A4F7556}") = "Elf.Mixing", "Elf.Mixing.csproj", "{322D9204-F6C2-4ED3-8AAC-453E3355A5E5}"
EndProject
Project("{9A19103F-16F7-4668-BE54-9A1E7A4F7556}") = "Benchmark", "..\Benchmark\Benchmark.csproj", "{B6734E37-8FE0-4AD0-8028-BC3C951DA0F0}"
EndProject
Global
	GlobalSection(SolutionConfigurationPlatforms) = preSolution
		Debug|Any CPU = Debug|Any CPU
		Release|Any CPU = Release|Any CPU
	EndGlobalSection
	GlobalSection(ProjectConfigurationPlatforms) = postSolution
		{322D9204-F6C2-4ED3-8AAC-453E3355A5E5}.Debug|Any CPU.ActiveCfg = Debug|Any CPU
		{322D9204-F6C2-4ED3-8AAC-453E3355A5E5}.Debug|Any CPU.Build.0 = Debug|Any CPU
		{322D9204-F6C2-4ED3-8AAC-453E3355A5E5}.Release|Any CPU.ActiveCfg = Release|Any CPU
		{322D9204-F6C2-4ED3-8AAC-453E3355A5E5}.Release|Any CPU.Build.0 = Release|Any CPU
		{B6734E37-8FE0-4AD0-8028-BC3C951DA0F0}.Debug|Any CPU.ActiveCfg = Debug|Any CPU
		{B6734E37-8FE0-4AD0-8028-BC3C951DA0F0}.Debug|Any CPU.Build.0 = Debug|Any CPU
		{B6734E37-8FE0-4AD0-8028-BC3C951DA0F0}.Release|Any CPU.ActiveCfg = Release|Any CPU
		{B6734E37-8FE0-4AD0-8028-BC3C951DA0F0}.Release|Any CPU.Build.0 = Release|Any CPU
	EndGlobalSection
	GlobalSection(SolutionProperties) = preSolution
		HideSolutionNode = FALSE
	EndGlobalSection
	GlobalSection(ExtensibilityGlobals) = postSolution
		SolutionGuid = {2970A440-D346-4DBA-833F-AC93C84147B8}
	EndGlobalSection
EndGlobal
