
Microsoft Visual Studio Solution File, Format Version 12.00
# Visual Studio Version 17
VisualStudioVersion = 17.5.33103.201
MinimumVisualStudioVersion = 10.0.40219.1
Project("{FAE04EC0-301F-11D3-BF4B-00C04F79EFBC}") = "Elf.Shouting", "Elf.Shouting.csproj", "{5B7EC5C5-B8BE-4FBC-84EC-6278917589A9}"
EndProject
Project("{9A19103F-16F7-4668-BE54-9A1E7A4F7556}") = "Benchmark", "..\Benchmark\Benchmark.csproj", "{C821A8A2-3630-43C7-A230-B80FC6703E7D}"
EndProject
Global
	GlobalSection(SolutionConfigurationPlatforms) = preSolution
		Debug|Any CPU = Debug|Any CPU
		Release|Any CPU = Release|Any CPU
	EndGlobalSection
	GlobalSection(ProjectConfigurationPlatforms) = postSolution
		{5B7EC5C5-B8BE-4FBC-84EC-6278917589A9}.Debug|Any CPU.ActiveCfg = Debug|Any CPU
		{5B7EC5C5-B8BE-4FBC-84EC-6278917589A9}.Debug|Any CPU.Build.0 = Debug|Any CPU
		{5B7EC5C5-B8BE-4FBC-84EC-6278917589A9}.Release|Any CPU.ActiveCfg = Release|Any CPU
		{5B7EC5C5-B8BE-4FBC-84EC-6278917589A9}.Release|Any CPU.Build.0 = Release|Any CPU
		{C821A8A2-3630-43C7-A230-B80FC6703E7D}.Debug|Any CPU.ActiveCfg = Debug|Any CPU
		{C821A8A2-3630-43C7-A230-B80FC6703E7D}.Debug|Any CPU.Build.0 = Debug|Any CPU
		{C821A8A2-3630-43C7-A230-B80FC6703E7D}.Release|Any CPU.ActiveCfg = Release|Any CPU
		{C821A8A2-3630-43C7-A230-B80FC6703E7D}.Release|Any CPU.Build.0 = Release|Any CPU
	EndGlobalSection
	GlobalSection(SolutionProperties) = preSolution
		HideSolutionNode = FALSE
	EndGlobalSection
	GlobalSection(ExtensibilityGlobals) = postSolution
		SolutionGuid = {D12CA7D5-8ECF-4C93-91DE-377BC250C84C}
	EndGlobalSection
EndGlobal
