
Microsoft Visual Studio Solution File, Format Version 12.00
# Visual Studio Version 17
VisualStudioVersion = 17.5.33103.201
MinimumVisualStudioVersion = 10.0.40219.1
Project("{9A19103F-16F7-4668-BE54-9A1E7A4F7556}") = "Elf.Dodgems", "Elf.Dodgems.csproj", "{C726F959-9632-440D-A47D-90C104756E91}"
EndProject
Project("{9A19103F-16F7-4668-BE54-9A1E7A4F7556}") = "Benchmark", "..\Benchmark\Benchmark.csproj", "{C8EEA1F0-271E-4D49-B359-67A23D86205B}"
EndProject
Global
	GlobalSection(SolutionConfigurationPlatforms) = preSolution
		Debug|Any CPU = Debug|Any CPU
		Release|Any CPU = Release|Any CPU
	EndGlobalSection
	GlobalSection(ProjectConfigurationPlatforms) = postSolution
		{C726F959-9632-440D-A47D-90C104756E91}.Debug|Any CPU.ActiveCfg = Debug|Any CPU
		{C726F959-9632-440D-A47D-90C104756E91}.Debug|Any CPU.Build.0 = Debug|Any CPU
		{C726F959-9632-440D-A47D-90C104756E91}.Release|Any CPU.ActiveCfg = Release|Any CPU
		{C726F959-9632-440D-A47D-90C104756E91}.Release|Any CPU.Build.0 = Release|Any CPU
		{C8EEA1F0-271E-4D49-B359-67A23D86205B}.Debug|Any CPU.ActiveCfg = Debug|Any CPU
		{C8EEA1F0-271E-4D49-B359-67A23D86205B}.Debug|Any CPU.Build.0 = Debug|Any CPU
		{C8EEA1F0-271E-4D49-B359-67A23D86205B}.Release|Any CPU.ActiveCfg = Release|Any CPU
		{C8EEA1F0-271E-4D49-B359-67A23D86205B}.Release|Any CPU.Build.0 = Release|Any CPU
	EndGlobalSection
	GlobalSection(SolutionProperties) = preSolution
		HideSolutionNode = FALSE
	EndGlobalSection
	GlobalSection(ExtensibilityGlobals) = postSolution
		SolutionGuid = {861766E0-7987-48B7-9F39-74AF40949CAA}
	EndGlobalSection
EndGlobal
