
Microsoft Visual Studio Solution File, Format Version 12.00
# Visual Studio Version 17
VisualStudioVersion = 17.5.33103.201
MinimumVisualStudioVersion = 10.0.40219.1
Project("{FAE04EC0-301F-11D3-BF4B-00C04F79EFBC}") = "Elf.RuckPack", "Elf.RuckPack.csproj", "{67721344-0353-407D-A66D-8D648EBF0BC7}"
EndProject
Global
	GlobalSection(SolutionConfigurationPlatforms) = preSolution
		Debug|Any CPU = Debug|Any CPU
		Release|Any CPU = Release|Any CPU
	EndGlobalSection
	GlobalSection(ProjectConfigurationPlatforms) = postSolution
		{67721344-0353-407D-A66D-8D648EBF0BC7}.Debug|Any CPU.ActiveCfg = Debug|Any CPU
		{67721344-0353-407D-A66D-8D648EBF0BC7}.Debug|Any CPU.Build.0 = Debug|Any CPU
		{67721344-0353-407D-A66D-8D648EBF0BC7}.Release|Any CPU.ActiveCfg = Release|Any CPU
		{67721344-0353-407D-A66D-8D648EBF0BC7}.Release|Any CPU.Build.0 = Release|Any CPU
	EndGlobalSection
	GlobalSection(SolutionProperties) = preSolution
		HideSolutionNode = FALSE
	EndGlobalSection
	GlobalSection(ExtensibilityGlobals) = postSolution
		SolutionGuid = {FC1A12BD-8412-42C2-8CAD-9A6455C1B657}
	EndGlobalSection
EndGlobal
