
Microsoft Visual Studio Solution File, Format Version 12.00
# Visual Studio Version 17
VisualStudioVersion = 17.5.33103.201
MinimumVisualStudioVersion = 10.0.40219.1
Project("{FAE04EC0-301F-11D3-BF4B-00C04F79EFBC}") = "Elf.SupplyStacks", "Elf.SupplyStacks.csproj", "{CEA47039-9C3E-454E-AE7E-92CFC42E0EDC}"
EndProject
Global
	GlobalSection(SolutionConfigurationPlatforms) = preSolution
		Debug|Any CPU = Debug|Any CPU
		Release|Any CPU = Release|Any CPU
	EndGlobalSection
	GlobalSection(ProjectConfigurationPlatforms) = postSolution
		{CEA47039-9C3E-454E-AE7E-92CFC42E0EDC}.Debug|Any CPU.ActiveCfg = Debug|Any CPU
		{CEA47039-9C3E-454E-AE7E-92CFC42E0EDC}.Debug|Any CPU.Build.0 = Debug|Any CPU
		{CEA47039-9C3E-454E-AE7E-92CFC42E0EDC}.Release|Any CPU.ActiveCfg = Release|Any CPU
		{CEA47039-9C3E-454E-AE7E-92CFC42E0EDC}.Release|Any CPU.Build.0 = Release|Any CPU
	EndGlobalSection
	GlobalSection(SolutionProperties) = preSolution
		HideSolutionNode = FALSE
	EndGlobalSection
	GlobalSection(ExtensibilityGlobals) = postSolution
		SolutionGuid = {DEE47418-9877-4ECD-BC00-CEBE9595A021}
	EndGlobalSection
EndGlobal
