
Microsoft Visual Studio Solution File, Format Version 12.00
# Visual Studio Version 17
VisualStudioVersion = 17.5.33103.201
MinimumVisualStudioVersion = 10.0.40219.1
Project("{FAE04EC0-301F-11D3-BF4B-00C04F79EFBC}") = "Elf.Hoopla", "Elf.Hoopla.csproj", "{1AF097FF-7C27-415D-99E7-801AEADEA3DD}"
EndProject
Project("{FAE04EC0-301F-11D3-BF4B-00C04F79EFBC}") = "Benchmark", "..\Benchmark\Benchmark.csproj", "{5DBD9C3C-86E7-4240-A158-0351C76DD774}"
EndProject
Global
	GlobalSection(SolutionConfigurationPlatforms) = preSolution
		Debug|Any CPU = Debug|Any CPU
		Release|Any CPU = Release|Any CPU
	EndGlobalSection
	GlobalSection(ProjectConfigurationPlatforms) = postSolution
		{1AF097FF-7C27-415D-99E7-801AEADEA3DD}.Debug|Any CPU.ActiveCfg = Debug|Any CPU
		{1AF097FF-7C27-415D-99E7-801AEADEA3DD}.Debug|Any CPU.Build.0 = Debug|Any CPU
		{1AF097FF-7C27-415D-99E7-801AEADEA3DD}.Release|Any CPU.ActiveCfg = Release|Any CPU
		{1AF097FF-7C27-415D-99E7-801AEADEA3DD}.Release|Any CPU.Build.0 = Release|Any CPU
		{5DBD9C3C-86E7-4240-A158-0351C76DD774}.Debug|Any CPU.ActiveCfg = Debug|Any CPU
		{5DBD9C3C-86E7-4240-A158-0351C76DD774}.Debug|Any CPU.Build.0 = Debug|Any CPU
		{5DBD9C3C-86E7-4240-A158-0351C76DD774}.Release|Any CPU.ActiveCfg = Release|Any CPU
		{5DBD9C3C-86E7-4240-A158-0351C76DD774}.Release|Any CPU.Build.0 = Release|Any CPU
	EndGlobalSection
	GlobalSection(SolutionProperties) = preSolution
		HideSolutionNode = FALSE
	EndGlobalSection
	GlobalSection(ExtensibilityGlobals) = postSolution
		SolutionGuid = {B9AFD6C2-BDD2-4812-87B6-58C4EE8A351C}
	EndGlobalSection
EndGlobal
