
Microsoft Visual Studio Solution File, Format Version 12.00
# Visual Studio Version 17
VisualStudioVersion = 17.5.33103.201
MinimumVisualStudioVersion = 10.0.40219.1
Project("{FAE04EC0-301F-11D3-BF4B-00C04F79EFBC}") = "Elf.RockPaperScissors", "Elf.RockPaperScissors.csproj", "{13D47B2D-715A-40C3-8B14-238D105EBB97}"
EndProject
Global
	GlobalSection(SolutionConfigurationPlatforms) = preSolution
		Debug|Any CPU = Debug|Any CPU
		Release|Any CPU = Release|Any CPU
	EndGlobalSection
	GlobalSection(ProjectConfigurationPlatforms) = postSolution
		{13D47B2D-715A-40C3-8B14-238D105EBB97}.Debug|Any CPU.ActiveCfg = Debug|Any CPU
		{13D47B2D-715A-40C3-8B14-238D105EBB97}.Debug|Any CPU.Build.0 = Debug|Any CPU
		{13D47B2D-715A-40C3-8B14-238D105EBB97}.Release|Any CPU.ActiveCfg = Release|Any CPU
		{13D47B2D-715A-40C3-8B14-238D105EBB97}.Release|Any CPU.Build.0 = Release|Any CPU
	EndGlobalSection
	GlobalSection(SolutionProperties) = preSolution
		HideSolutionNode = FALSE
	EndGlobalSection
	GlobalSection(ExtensibilityGlobals) = postSolution
		SolutionGuid = {2F06EE71-DC15-4F13-8DE6-8B4DB1BEADDF}
	EndGlobalSection
EndGlobal
