
Microsoft Visual Studio Solution File, Format Version 12.00
# Visual Studio Version 17
VisualStudioVersion = 17.5.33103.201
MinimumVisualStudioVersion = 10.0.40219.1
Project("{9A19103F-16F7-4668-BE54-9A1E7A4F7556}") = "Elf.Obsidian", "Elf.Obsidian.csproj", "{315F556F-3C26-45C6-9A49-2E1074E7E9DB}"
EndProject
Project("{9A19103F-16F7-4668-BE54-9A1E7A4F7556}") = "Benchmark", "..\Benchmark\Benchmark.csproj", "{DAF09338-42FA-45DE-B021-C2E401CBCB46}"
EndProject
Global
	GlobalSection(SolutionConfigurationPlatforms) = preSolution
		Debug|Any CPU = Debug|Any CPU
		Release|Any CPU = Release|Any CPU
	EndGlobalSection
	GlobalSection(ProjectConfigurationPlatforms) = postSolution
		{315F556F-3C26-45C6-9A49-2E1074E7E9DB}.Debug|Any CPU.ActiveCfg = Debug|Any CPU
		{315F556F-3C26-45C6-9A49-2E1074E7E9DB}.Debug|Any CPU.Build.0 = Debug|Any CPU
		{315F556F-3C26-45C6-9A49-2E1074E7E9DB}.Release|Any CPU.ActiveCfg = Release|Any CPU
		{315F556F-3C26-45C6-9A49-2E1074E7E9DB}.Release|Any CPU.Build.0 = Release|Any CPU
		{DAF09338-42FA-45DE-B021-C2E401CBCB46}.Debug|Any CPU.ActiveCfg = Debug|Any CPU
		{DAF09338-42FA-45DE-B021-C2E401CBCB46}.Debug|Any CPU.Build.0 = Debug|Any CPU
		{DAF09338-42FA-45DE-B021-C2E401CBCB46}.Release|Any CPU.ActiveCfg = Release|Any CPU
		{DAF09338-42FA-45DE-B021-C2E401CBCB46}.Release|Any CPU.Build.0 = Release|Any CPU
	EndGlobalSection
	GlobalSection(SolutionProperties) = preSolution
		HideSolutionNode = FALSE
	EndGlobalSection
	GlobalSection(ExtensibilityGlobals) = postSolution
		SolutionGuid = {8355C976-6A34-47D2-B10F-40516A00581C}
	EndGlobalSection
EndGlobal
