
Microsoft Visual Studio Solution File, Format Version 12.00
# Visual Studio Version 17
VisualStudioVersion = 17.5.33103.201
MinimumVisualStudioVersion = 10.0.40219.1
Project("{FAE04EC0-301F-11D3-BF4B-00C04F79EFBC}") = "Elf.MonkeyMap", "Elf.MonkeyMap.csproj", "{14B372A7-9801-417A-8B26-B0A7D75F2ECD}"
EndProject
Project("{9A19103F-16F7-4668-BE54-9A1E7A4F7556}") = "Benchmark", "..\Benchmark\Benchmark.csproj", "{467700EB-AD6E-4478-AC64-1E0B6DA038D5}"
EndProject
Global
	GlobalSection(SolutionConfigurationPlatforms) = preSolution
		Debug|Any CPU = Debug|Any CPU
		Release|Any CPU = Release|Any CPU
	EndGlobalSection
	GlobalSection(ProjectConfigurationPlatforms) = postSolution
		{14B372A7-9801-417A-8B26-B0A7D75F2ECD}.Debug|Any CPU.ActiveCfg = Debug|Any CPU
		{14B372A7-9801-417A-8B26-B0A7D75F2ECD}.Debug|Any CPU.Build.0 = Debug|Any CPU
		{14B372A7-9801-417A-8B26-B0A7D75F2ECD}.Release|Any CPU.ActiveCfg = Release|Any CPU
		{14B372A7-9801-417A-8B26-B0A7D75F2ECD}.Release|Any CPU.Build.0 = Release|Any CPU
		{467700EB-AD6E-4478-AC64-1E0B6DA038D5}.Debug|Any CPU.ActiveCfg = Debug|Any CPU
		{467700EB-AD6E-4478-AC64-1E0B6DA038D5}.Debug|Any CPU.Build.0 = Debug|Any CPU
		{467700EB-AD6E-4478-AC64-1E0B6DA038D5}.Release|Any CPU.ActiveCfg = Release|Any CPU
		{467700EB-AD6E-4478-AC64-1E0B6DA038D5}.Release|Any CPU.Build.0 = Release|Any CPU
	EndGlobalSection
	GlobalSection(SolutionProperties) = preSolution
		HideSolutionNode = FALSE
	EndGlobalSection
	GlobalSection(ExtensibilityGlobals) = postSolution
		SolutionGuid = {6C41BF41-155D-47E6-AC4A-93105E1ECAE5}
	EndGlobalSection
EndGlobal
